version: 1.1.0
files:
  e6ab9bf36c30b9d72bc97897e0d89a16:
    command.noMatches: a2a97d96e196148e04c51c47d985e327
    command.palettePlaceholder: 6d6b61b4c08ed382ad7ba406a9ba395d
    command.footerNavigate: e3808db59d29bcfc91532d6539c4f9ae
    command.footerSelect: 6d73339906ed42e20f6be91bf7f5f4a9
    command.footerClose: dcf77460e548fe215ef28583f092a496
    command.footerSend: 6b19fc9694fd8b7b3f1aafaca83db864
    command.aiMode: 7197e3c5f9afd24022377176611f35cb
    command.openSettings: 638c05f4f159a403e04aebe94b46a2a8
    command.openSettings.keywords: ab6b5e03395f4db955ed9cbfd4de33b7
    command.openLanguageSettings: e5a425aa6222fab3df66c0e1e0ca4183
    command.openLanguageSettings.keywords: 6a910000cbf23eac3c7078e518cae66a
    command.useSystemLanguage: b7f0315c47d4a59faa2a49571fcf1fca
    command.openH1Setting: 05b4f6edc0e98b29670e8ee902cdb9bf
    command.toggleGitignoredFilesVisibility: 0a2d3ea4e8ff8b00a801183caeb97a03
    command.contribute: 9887a4451812854f0f1b6f669a874307
    command.checkUpdates: f77f38f684c8b974dd4a56bb321cfd5f
    command.group.navigation: 846495f9ceed11accf8879f555936a7d
    command.group.note: 3b0649c72650c313a357338dcdfb64ec
    command.group.git: 0bcc70105ad279503e31fe7b3f47b665
    command.group.view: 4351cfebe4b61d8aa5efa1d020710005
    command.group.settings: f4f70727dc34561dfde1a3c529b6205c
    command.navigation.searchNotes: d8002e888293774162e43b263658cbb5
    command.navigation.goAllNotes: 7030dcbbb85b6f01d3c8b2fdcb6a5cff
    command.navigation.goArchived: b620b8cb8fef8a287b986ff83a992a2a
    command.navigation.goChanges: c6dd094ce55f8a765b68cef40a1c6bd9
    command.navigation.goHistory: 39b86b661267053a240ffe89b9eca847
    command.navigation.goBack: 4f2f5e1d6e2a13469ad431474a68ab82
    command.navigation.goForward: d13c318438f67d749cfc0904e3fafcda
    command.navigation.goInbox: 522af71c26bc7e3ce1dae6204c2fbe9f
    command.navigation.renameFolder: a3d3b0f787c52a984af61085c577bff2
    command.navigation.deleteFolder: 991e322cd8225c369a963bb60b0a9688
    command.navigation.showOpenNotes: bd1905c340d0518187865f4a6694e14d
    command.navigation.showArchivedNotes: 241399b908884adfe8608a3ab827ca74
    command.navigation.listType: 4f70c27c6826a37543c8ada561397c22
    command.note.newNote: 23c4edda8b815f750782f01870d27271
    command.note.newType: adce5108f18945cc502a06c02445e32d
    command.note.newTypedNote: 1493eda772c2179cb6247169d00723b2
    command.note.saveNote: 2a309cda46e95b00d2a5a8afb3cc0047
    command.note.pastePlainText: 09e8075dbd91e11878f8f4a138df760c
    command.note.findInNote: f72f8f93d8e6119d5d08b60eb3a7b3bc
    command.note.replaceInNote: b008e2e20c5e4cd202f4386271d6bed1
    command.note.deleteNote: 56f727a2ee11d15159f1aa6373314cb6
    command.note.archiveNote: 6043509fda6dd7f6f167e4108033f8e8
    command.note.unarchiveNote: 6937fb694d00b11d579c21cd4bf103a2
    command.note.addFavorite: 782d6b28dce4e5d0b2ac92142c6624ba
    command.note.removeFavorite: 4f9b5fa08f2ef86fdc5d0ceefc271981
    command.note.markOrganized: 505ad63357f533fb39e4276a2bfb9496
    command.note.markUnorganized: 1c62f1bffcb793c63d729096d2794ced
    command.note.restoreDeleted: d704f8283ca322a9b3713d2ccf9a6cd4
    command.note.setIcon: 99b81d2663266c53e45e4d9c62c87a29
    command.note.removeIcon: 4bccbad66025e506b37b4218498b299c
    command.note.changeType: 4a54ffd47ed1f65ee97f34bfe8c3de14
    command.note.moveToFolder: 3a0f26c42b9168ad839960d134065905
    command.note.openNewWindow: 6f67b2857093fa0fd45b1122dff4865d
    command.git.initialize: 54a57cdc7105db6fb22dca661ce01ad6
    command.git.commitPush: 8cb5faa4019716f43dd69c41496b1d46
    command.git.addRemote: 7eef951b3f909340a68dc9811be83e9e
    command.git.pull: 3988d61f4a4546381f61a4eaf61315b4
    command.git.pullRepository: 931ad25176586fd4332dd671574d3185
    command.git.resolveConflicts: 871ac36968cfca3d2297a89b28b25dee
    command.git.viewChanges: b2699edf69d8e1031afce2b2f94e5c8d
    git.repository.select: 33fcf2b3ec4686d9cd06051c726d0ba2
    git.toast.autoGitFailed: 3e5d7e183a78e1f54c87ad0dba8a302b
    git.toast.commitFailed: bb50986d29c30042bed1446f8adaa544
    git.toast.missingAuthor: 0d4e7a7d6b6a3f883146dd86c9cdca09
    command.view.editorOnly: 8355e056b32086b9190d639be290dda8
    command.view.editorNoteList: b9604b1609eb6f581cd9570dca72d3f0
    command.view.fullLayout: 1cebdf839eee2b1713828731aaa3b507
    command.view.toggleProperties: 54f12756a363401243d82cbd0466117e
    command.view.toggleDiff: 148a10ef6f04f897e73289f529ecae86
    command.view.toggleRaw: 9b622257cd6345ceaf58e42b1410899b
    command.view.noteWidthNormal: d29ab88a55ae178bf4b5257201e51801
    command.view.noteWidthWide: 403f3913ad71451a90787c235f1684de
    command.view.defaultNoteWidthNormal: b045349e37329df23317db98cccd3263
    command.view.defaultNoteWidthWide: 41f326763e3e3954912dfd45d04bd87c
    command.view.leftLayout: 5046a7166675e2d0175b9da3befdcaca
    command.view.centerLayout: 3bc6759c005178aae519aa3dd227cb74
    command.view.toggleAiPanel: 4279cbf31767465f25feff6e7bdd336e
    command.view.newAiChat: 1b0a886d6e77f628ec96c2d71cdb0a9b
    command.view.toggleBacklinks: b3c4be2d2c07bb8df181355a2c3658a7
    command.view.moveViewUp: 76f92d3250e028609349d825c672f13e
    command.view.moveViewDown: 9deea30162b8d3234f8d52795ad7393f
    command.view.moveNamedViewUp: b4ac634d13a09eacb680ef12c69dd1f7
    command.view.moveNamedViewDown: 15302c02df26fe52def77636e9141711
    command.view.zoomIn: ae4a8e406b707636392b6673fca0e6a6
    command.view.zoomOut: 97326f8cd9df886a6b19af180fb7dcc9
    command.view.resetZoom: 193ee8c32391fc5cc303a51617cfd046
    command.settings.createEmptyVault: d7c9673bb6c62a2b8aef009546ce8b23
    command.settings.openVault: c40e74822da9417fdf52eb4a37bb23f2
    command.settings.removeVault: 390e2b2031cde0dd18381efee0923bea
    command.settings.restoreGettingStarted: b3358dc1c7b873b2a02ac6f05473fe4d
    command.settings.manageExternalAi: c36b9bd171f11a18a1e624365d2b57ac
    command.settings.setupExternalAi: 24eea679eb699763daa2e3f2a67fcf9a
    command.settings.reloadVault: f6e506dad6b6cf2be24d9438d458ae54
    command.settings.repairVault: cee560b1fd5ad9d1ff1c19a0a2afe77a
    command.settings.useLightMode: a76d5b1c076983bc113d247f0520c166
    command.settings.useDarkMode: ba7873c42ae00542ba71db9be3b6761f
    command.settings.useSystemTheme: 6d8c69d916d3df8ceed8dfc154196d07
    command.settings.toggleGitignoredFilesVisibility: 0a2d3ea4e8ff8b00a801183caeb97a03
    command.ai.openAgents: 612abe804edd0f5ae228a534f77f3d23
    command.ai.restoreGuidance: 23331fecc692d11d85cf24838ed273f2
    command.ai.switchToAgent: 5bb02187e653b360ab7ed661403271f2
    command.ai.switchDefault: 42724de254240d598fbcc40fdb5b18a3
    command.ai.switchDefaultWithAgent: d405f7914bb1cd86172f108f3c33d953
    settings.title: f4f70727dc34561dfde1a3c529b6205c
    settings.close: 7812b3644f897c5d3efb0dd63440e751
    settings.sync.title: 36f62a237420dcdc7096ad3a9018c4d9
    settings.sync.description: 06a6957c40867be2c28783183dc1bf5f
    settings.pullInterval: 4f95ca677398604bca241427261ed07b
    settings.pullIntervalDescription: 4a75c15f44d59dc8cb100ec2d0693048
    settings.releaseChannel: 2da37055e15a217f18bd403922085c3f
    settings.releaseChannelDescription: c5ae9b7f25376df383d36603366ac1fa
    settings.releaseStable: fa3aff3c185c6dc7754235f397c2099a
    settings.releaseAlpha: 6132295fcf5570fb8b0a944ef322a598
    settings.workspaces.title: 10075fec14fcc45a489d02bedf972e97
    settings.workspaces.enable: f418b797fc4d13ca6b59333326ac3246
    settings.workspaces.enableDescription: 1487bd26586b773c77c01746399cc4cd
    settings.workspaces.name: 49ee3087348e8d44e1feda1917443987
    settings.workspaces.label: b021df6aac4654c454f46c77646e745f
    settings.workspaces.slug: 0c908588520b3ef787bce443fc2b507c
    settings.workspaces.nameAria: a94a5bbfbc6bbcff81961501be487703
    settings.workspaces.labelAria: f6a0693020980910eaa8b168b30b33c3
    settings.workspaces.slugAria: 1d9e314005db037b4a83a220a45f3d77
    settings.workspaces.nameTooltip: 5c12e3507377eadae5c2340462dda553
    settings.workspaces.labelTooltip: b1b87a2affcd504e54bf97100e3d9c34
    settings.workspaces.slugTooltip: daa690f5855e35d1cfa9dbffe1870d40
    settings.workspaces.color: cb5feb1b7314637725a2e73bdc9f7295
    settings.workspaces.moveUpAria: 2ade43872ef9432d14af83056304c6d7
    settings.workspaces.moveDownAria: ed1ef4a310797ac84894a224bf4c77a6
    settings.workspaces.removeAria: a5d2ceeeb76bfcb99015fc780ced07c2
    settings.appearance.title: a1c58e94227389415de133efdf78ea6e
    settings.appearance.description: ca7b75a4c10ab8a540707e3a96cd3592
    settings.theme.label: d721757161f7f70c5b0949fdb6ec2c30
    settings.theme.light: 9914a0ce04a7b7b6a8e39bec55064b82
    settings.theme.dark: a18366b217ebf811ad1886e4f4f865b2
    settings.theme.system: a45da96d0bf6575970f2d27af22be28a
    settings.language.title: 4994a8ffeba4ac3140beb89e8d41f174
    settings.language.description: e2bb9b523067fdc32a494b1d6fd97906
    settings.language.label: 244c7b77926f077b863c33ff1244e1ec
    settings.language.system: 41e2252344aa441e925589ddcb762e6d
    settings.language.summary: edc83f1f48ce29bc80bf2f2f90e24997
    settings.autogit.title: 0bcc70105ad279503e31fe7b3f47b665
    settings.git.enable: c40503e1b0f483eecf3aff2fd01665c4
    settings.git.enableDescription: a96a43dc4dbf1490d665eef437807b07
    settings.autogit.description.enabled: e65bec70ca4d7921be56f84d10836018
    settings.autogit.description.disabled: 1143ef6ee00614816785e3c6fc299d51
    settings.autogit.description.gitDisabled: 55a1dd2d7f797062cde1374930221649
    settings.autogit.enable: 9b205a4ae0e3ad4e6708155880ce9c75
    settings.autogit.enableDescription: a7424a8f90c0b7f290a8144d12374554
    settings.autogit.idleThreshold: 28016cc6fccd951a904ee3020cd733b6
    settings.autogit.idleThresholdDescription: 521140491e8c9d5a1d7b7739bc333358
    settings.autogit.inactiveThreshold: d28cb60d1e70e020ae8d1294e32dd474
    settings.autogit.inactiveThresholdDescription: f9e43c90bd10bae937c2cfa5c2767f1c
    settings.titles.title: 761443f70a5067ecf015c6fb3fae9cef
    settings.titles.description: b94aeeca78dd376cc19b9aa019e53f6c
    settings.titles.autoRename: 5383db8e790ebf5f956d9c59cb4c4f67
    settings.titles.autoRenameDescription: cc28c28d8817736e658082a2261d9a6e
    settings.vaultContent.title: f15c1cae7882448b3fb0404682e17e61
    settings.vaultContent.description: a53487bf1c7898a1459dc1510e216f7d
    settings.dateDisplay.default: 915e8ca934abe6625e17695ee7ae266a
    settings.dateDisplay.defaultDescription: 502ed7ff7b9c0fe5971e8cb0576e91f6
    settings.dateDisplay.us: abe1c573145c4419ba8bb158cf0068d6
    settings.dateDisplay.european: 0b4f509278b2919973c5d1ae906c162b
    settings.dateDisplay.friendly: 81e56440280f6dfaef0eb503ca301578
    settings.dateDisplay.iso: 89b4ef461b67eb141eadd0fc6caa8d8d
    settings.noteWidth.default: 66be0f882801fd19468181f31f58dc20
    settings.noteWidth.defaultDescription: 2b5fb6d7dfa2b1da1e47bcac30f58e8d
    settings.noteWidth.normal: 960b44c579bc2f6818d2daaf9e4c16f0
    settings.noteWidth.wide: e7c770a61dbdf81ca922ae0260e327c1
    settings.sidebarTypePluralization.label: 1e5bd615b1abbf39129ef241f5cf2249
    settings.sidebarTypePluralization.description: 8d7bb0649fd7e637552429ea91298de8
    settings.vaultContent.hideGitignored: 2c07ee6c8bfe746d356f44275d42f90e
    settings.vaultContent.hideGitignoredDescription: e8b1ddfa416610f9d6eb299fa123a1d6
    settings.allNotesVisibility.title: 0e07c3d48b91e1a4c42c1ff3e5751ec3
    settings.allNotesVisibility.description: bc9caa48296281401aad694fed65a2d9
    settings.allNotesVisibility.pdfs: 27ce5e1e1761ff362dbf75c76c6b4941
    settings.allNotesVisibility.pdfsDescription: 8191ed4a095cdd60ef856ce0ff213a48
    settings.allNotesVisibility.images: ea15460e63b6e8e92f8c03a79eeb6e4e
    settings.allNotesVisibility.imagesDescription: 1704e10d5e5cdc17d2d2a5fb7b8969bf
    settings.allNotesVisibility.unsupported: 257fe04419c9f6543a43e58b1edf9eb5
    settings.allNotesVisibility.unsupportedDescription: a3b8aa66900c742f001cd4533b3df44a
    settings.aiAgents.title: 27f08387b26e1ceeb1b60bd9c97e7a47
    settings.aiAgents.description: 042a8037f1a4f90c76ce31a49fdff59c
    settings.aiFeatures.enable: af47a6b2bd32a7b7309bac7bef34f026
    settings.aiFeatures.enableDescription: 7d3916f7f9e1bf8b8797f50f4533b9da
    settings.aiAgents.default: 6af573559fd05d8c35bc57b41cc78e24
    settings.aiAgents.defaultTarget: 5acfc74fd97a6dd2d67d15c66de5eed5
    settings.aiAgents.agentGroup: 965530cbbec45b1754ed3ece120399f7
    settings.aiAgents.localGroup: d34f4b997ce78da5aa57d657a5d6fcb5
    settings.aiAgents.apiGroup: 589a257cbd265eaa7de93de8b4084dff
    settings.aiAgents.installed: 73329564760013a7824ff9d5d1af91ff
    settings.aiAgents.missing: ea21841da70e6405af19fabc4ff8bdd9
    settings.aiAgents.ready: 909a648c713be25fcd050725d0a41e37
    settings.aiAgents.notInstalled: 0ac3f76ef78bfdbab6331731ee56ba22
    settings.aiAgents.apiReady: e5b06f6ef4ef5f4bc2848d46195e3f48
    settings.aiAgents.apiLocalKey: 119de2f31867b273a134f05bc56b9e57
    settings.aiAgents.apiEnv: e011db3dff54ed3deae37a9615e31ebf
    settings.aiAgents.apiNoKey: 5bbccbfcd09b28902bbf5319dd6e6053
    settings.aiAgents.installedTitle: 5cb9b5ae5ebc66652814dff4584705cc
    settings.aiAgents.installedDescription: fb9ba9667725fb40fa1e5d58a2c02692
    settings.aiAgents.noVersion: 89831adb7114946e916b9c31d57a1e33
    settings.aiProviders.title: 63eb84d8510f9f086d282ec7d47adaa1
    settings.aiProviders.description: 6c86c013eb6fb198b51e29ec47d66464
    settings.aiProviders.localTitle: c7c20443d8aaf04271df9d713f5c02ce
    settings.aiProviders.localDescription: 7abed40ef2e46741c64ff47e423cca39
    settings.aiProviders.apiTitle: 66537b9e5200ebbbfbd091144d8afbcc
    settings.aiProviders.apiDescription: 6ec773352e05a805af3abcebeff4e756
    settings.aiProviders.kind: 27703c8f150ac4bb0a3a83a7857353af
    settings.aiProviders.kind.ollama: c23e8db458397f37c8e8d98e94e55a18
    settings.aiProviders.kind.lmStudio: 7b9b319662715e90583e823a6c3cfdbe
    settings.aiProviders.kind.openAi: 0523b13262b12c215d8009938f5c14f1
    settings.aiProviders.kind.anthropic: f431db65cea024a5f19eab835afefee2
    settings.aiProviders.kind.gemini: 766cc4dd4d5005652e8514e3513683f8
    settings.aiProviders.kind.openRouter: a0607683815b6585fb80e7cac72ac59a
    settings.aiProviders.kind.compatible: 1a4dc90a183c26d9026c6ac7727aa4cd
    settings.aiProviders.name: 49ee3087348e8d44e1feda1917443987
    settings.aiProviders.baseUrl: ade86bc4899761ad46c52e381b6228bb
    settings.aiProviders.model: 6bd36c36869288188863bd53a9bc5ed1
    settings.aiProviders.key: 656a6828d7ef1bb791e42087c4b5ee6e
    settings.aiProviders.keyPlaceholder: 57dbf3720af3f156018bfff7f5a99b23
    settings.aiProviders.keyStorage: 3e5b8cfbc66d3a33dad3fda058bf5851
    settings.aiProviders.keyStorage.local: 7c6189f734f3c66d162a3f06529af1d9
    settings.aiProviders.keyStorage.env: a71b071971d7c54e9af381c9bea093d9
    settings.aiProviders.keyStorage.none: 94c841331ccd5179a283487f96285c90
    settings.aiProviders.keyEnv: cb72671bd5cf65512d4c94e8ad6182ef
    settings.aiProviders.keySafety: 0d59d7e4def35e51c4bb785d74180afc
    settings.aiProviders.keySafetyLocal: 8ef2ba0192ac725fa1a3e737e852387c
    settings.aiProviders.localSafety: 60fb65e4e0d35cec3135584d8219e8fd
    settings.aiProviders.add: a9f8e8b4ca3cbc4fc3bff5d59d6a5419
    settings.aiProviders.addLocal: 681985f2e412f22fcd55a0553f6e4bee
    settings.aiProviders.addApi: 767b46f2a51aa9dd050cb226cd86e192
    settings.aiProviders.test: 602009d5aea1c1ef06fd777968f7e80e
    settings.aiProviders.testing: 9d770c909c2c69b09eae2372c4cf405d
    settings.aiProviders.testSuccess: 51677ed54231e41a4fe40850d90b64b2
    settings.aiProviders.empty: 9378027dec7f93fcc5011c5e528bdf82
    settings.aiProviders.defaultEndpoint: 666b355c305dd4c7b4649d3d7b4c5d11
    settings.aiProviders.keyLocalSaved: f4a102d6a67212e21f0f31f0758aea81
    settings.aiProviders.keyEnvSaved: bfed2d745dd76dbea9341d27e06c39f2
    settings.aiProviders.noKey: 1ab089f80ef4dc6c1ce3e173f5b405a0
    settings.workflow.title: 24f47cdbe9ddba774a7cc53e51d9032e
    settings.workflow.description: aa9a07539b87cf407c3edc8a22732d45
    settings.workflow.explicit: 54a5b5c27937d25271c3127d093e8361
    settings.workflow.explicitDescription: ce523427b5dd0f9895f63d1fbb90ad24
    settings.workflow.autoAdvance: 9ed337f5bc61603d19a1ef35f3a3a243
    settings.workflow.autoAdvanceDescription: ae58ad8abf03df7cbdae8c3a725258f7
    settings.privacy.title: aa96a21412def0d916f43b639424f8e4
    settings.privacy.description: 33d53059be620b58e38b8e5c5ab26b27
    settings.privacy.crashReporting: b4efc5b61526566d431e99242f5c21b4
    settings.privacy.crashReportingDescription: e9d7c7efce44adc08d0460be1aad5c42
    settings.privacy.analytics: 29d55bb222ea76e1a17396375dfab228
    settings.privacy.analyticsDescription: a0f8b61d555d6d3fd279de2f47aaca76
    settings.footerShortcut: 7dc840d6b0ef9f422a663ba41975871e
    settings.cancel: ea4788705e6873b424c65e91c2846b19
    settings.save: c9cc8cce247e49bae79f15173ce97354
    common.cancel: ea4788705e6873b424c65e91c2846b19
    common.create: 686e697538050e4664636337cc3b834f
    common.save: c9cc8cce247e49bae79f15173ce97354
    common.remove: 1063e38cb53d94d386f21227fcd84717
    customize.color: cb5feb1b7314637725a2e73bdc9f7295
    customize.icon: 817434295a673aed431435658b65d9a7
    customize.searchIcons: 0688a8098567785a05cb4cf937cbb880
    customize.noIconsFound: 89c25bea716a589b11599f2bbcf34054
    customize.template: 278c491bdd8a53618c149c4ac790da34
    customize.templatePlaceholder: 44482755791f96f37118f3a3bc66f668
    customize.done: f92965e2c8a7afb3c1b9a5c09a263636
    viewDialog.title.create: 01e53f288ebe0b7bdda19c8151aa7710
    viewDialog.title.edit: 6369f1c063cb2c22efa584a19e98d97f
    viewDialog.description.create: a9600940be61edfcad2b47fb72965406
    viewDialog.description.edit: d4e6333950d5031c5f4ae766a1f1d886
    viewDialog.nameLabel: 49ee3087348e8d44e1feda1917443987
    viewDialog.namePlaceholder: dbb077d36957a33c4147eb24919192e1
    viewDialog.filtersLabel: f3f43e30c8c7d78c6ac0173515e57a00
    viewDialog.saveError: 80fe81f3ca09ea03af03fdb9ae809eda
    viewDialog.selectedIcon: 5f98b507ccec0bbc51ca7e8a5b270250
    viewDialog.selectedColor: 192ec1a9973f328c3620cd3fa670c745
    ai.permission.safe.short: c6eea0560cd6f377e78dff2c85cc9122
    ai.permission.safe.control: 386cc66605d50e5bf1fb726f97e55b55
    ai.permission.safe.tooltip: 3bd635e2b2223da302994d77bfd7edfd
    ai.permission.powerUser.short: d4a47db271fc1ef3cd17f7396326b057
    ai.permission.powerUser.control: d4a47db271fc1ef3cd17f7396326b057
    ai.permission.powerUser.tooltip: 2585ecdb79ca02a3ee779bb61552de03
    ai.permission.modeAria: 3ff6346566a4c44fd5c7395907125d3e
    ai.permission.changed: b5d06ad47e6053fe5a73f4571a40e00c
    ai.panel.title: 4412225fe5b326643b8c2e1d9b7b10ae
    ai.panel.status.checking: 118740af1c4521b917e29791d661db82
    ai.panel.status.missing: fe07f8eac233c229d81cbe9aa25668a0
    ai.panel.status.ready: 296a0ac791eab2df130789f55fdc109b
    ai.panel.mode.chat: 55dcdf017b51fc96f7b5f9d63013b95d
    ai.panel.mode.chatDescription: d7744ae39e7920a8eac7b21b58fce348
    ai.panel.copyMcpConfig: 6a8c9fe401557c870e3a90bbfab01b25
    ai.panel.mcpConfig: 53bac93d0314941c8d2c1163026f3ad9
    ai.panel.newChat: 1b0a886d6e77f628ec96c2d71cdb0a9b
    ai.panel.close: d00ba22b83762f5a6e66db0be9e916d7
    ai.panel.linkedCount: 5292fda189a357c9597b1cb0e1b0900b
    ai.panel.empty.checkingTitle: 0dde2076cb53fe497d05d231296d50bb
    ai.panel.empty.checkingDescription: 31e41510d851c366860377ba0c956f0b
    ai.panel.empty.missingTitle: a2b764da52cb43b191bb4ecfd8ea4d26
    ai.panel.empty.missingDescription: 91825c7d86b1d588d44a33e1d94af950
    ai.panel.empty.withContextTitle: 66f02985937083e4ef62b98cc9f25aee
    ai.panel.empty.noContextTitle: e919aeb0a49b58e494e43e5f6f6597c9
    ai.panel.empty.withContextDescription: dd8faefcc8160a2db800a41d6628facb
    ai.panel.empty.noContextDescription: 6a6e610835808016d1f2790c3f991a54
    ai.panel.placeholder.checking: 08fec77719c37d3d6279b2641b37b4d3
    ai.panel.placeholder.missing: 547c492026d115608067988b7cfbb9a9
    ai.panel.placeholder.ready: 31f5265c2e0432a7ca10d08e5c6f3114
    ai.panel.send: 747c6a3564774149c989884e0c581d53
    mcp.setup.manageTitle: d786c7b9ab9b2406258648931bca0e01
    mcp.setup.setupTitle: b4b373f690c8a0008885b31e78e93a5c
    mcp.setup.connectedDescription: a2a3be70c0ac9fa7ef112df5252249fa
    mcp.setup.setupDescription: 8bf199ffbcf303a99abac078c0c5e094
    mcp.setup.reconnect: 813ba447b5e64c17ff9b68c693358ca3
    mcp.setup.connect: fb95777dbc9f7b22014dc360a2957652
    mcp.setup.disconnect: 42ae25231906c83927831e0ef7c317ac
    mcp.setup.connecting: 182e7eda4e721ad00737460b88701dee
    mcp.setup.disconnecting: 11de134aefe51cb4a5c545b5a057a871
    mcp.setup.runtimeRequirement: 1d7a8c99b2bc875b3601fa57860432fb
    mcp.setup.writeEntryDescription: 370aa4403d2ffc37f574503bc3cd00e6
    mcp.setup.clientPathsDescription: 94565852412051c799e78d2f4525ff53
    mcp.setup.geminiGuidanceDescription: 182cf5b84b2f56cb1cf41dcdb5e093d8
    mcp.setup.manual.title: 2188ca52346158cbd103ca7ce7c12dd9
    mcp.setup.manual.copy: 6a8c9fe401557c870e3a90bbfab01b25
    mcp.setup.manual.loading: 11ee201c121c8e2015c065952474a3ea
    mcp.setup.manual.unavailable: 8b4330b839c41bad378c86c91ee0b5cd
    mcp.toast.connected: 7716c0f9dad41a7fdbef592074459239
    mcp.toast.refreshed: 227d8721ebec3077792b1223c1f30e54
    mcp.toast.disconnected: 9b5254079561087d679e35aa10c80638
    mcp.toast.alreadyDisconnected: 645bec2e33bd9de2b334b704d9fa84cf
    mcp.toast.configCopied: 458b50444b9a1cb069b00475c0951b8a
    mcp.toast.configCopyFailed: b451cfb95f87458d142d026a8aca74cf
    mcp.toast.setupFailed: 51f290962c08d8ba76bfc6c19552eaed
    mcp.toast.disconnectFailed: ddc3387ab6e996ce15bc4950a3548e1e
    mcp.error.clipboardUnavailable: 3b9ed3fe7dba627edb74e1cdaa02b2ee
    save.toast.saved: 248336101b461380a4b2391a7625493d
    save.toast.nothingToSave: 86ae8cef7371e639f3c007449a2f7d1f
    save.toast.missingActiveVault: 49cf5064a7dce757f895950d8beeed68
    save.error.failed: b55b9fefe93fabae3c277e4e7956a534
    save.error.autoFailed: 09b2b131f07baddb5ba8f5a3ee6234c5
    save.error.invalidPath: c96fb669715e86508f4c5e73da9f6995
    savedViews.reordered: 531081a566b826eed2e714ce70a0de08
    locale.en: 78463a384a5aa4fad5fa73e2f506ecfc
    sidebar.nav.inbox: 3882d32c66e7e768145ecd8f104b0c08
    sidebar.nav.allNotes: cd76cf851b08a9d2feafaf255bc1f4d5
    sidebar.nav.archive: e727b00944f81e1d0a95c12886ac4641
    sidebar.group.favorites: 953bf4d5e8a1807c15dec4e255384b1d
    sidebar.group.views: 8f56a72923a6ca8ff53462533d89e567
    sidebar.group.types: 6b20155008db90cf7589c07baa7334e9
    sidebar.group.folders: d86e2756f698bea5aac3e2276639f042
    sidebar.action.createView: ba019414ea8c7fcdb4a83a70ec1bb639
    sidebar.action.editView: acdf34bd08b0692b906d446e590b1eb9
    sidebar.action.renameView: 429b903fddf39bb21887282d188c4b62
    sidebar.action.deleteView: c8f4f9cd8ff820f955474e5c9f70ff39
    sidebar.action.reorderView: ca2f42548fd57160d22fd0809bf8ed6e
    sidebar.action.moveViewUp: e601b7f0901f12efb71f7821c0fdb79e
    sidebar.action.moveViewDown: 6f86951085367864e3e4eb13f5c8688e
    sidebar.action.customizeSections: 050a134cad1e9c6f04abe5d635592703
    sidebar.action.renameSection: 8936914051df04e7550d0eeb4a31e0e0
    sidebar.action.renameType: 327d51d97d4b0e3ddcb7afa39c4bf5fa
    sidebar.action.customizeIconColor: 9a2f685c74d261ab483ef00dee5314fe
    sidebar.action.deleteType: c52e15c44f6372c6ddb2758254a041ef
    sidebar.action.createType: 6cfb8b8aa3fdce38e675819691b48f5c
    sidebar.action.collapse: 00873bdddd457791609bff1243c40a6b
    sidebar.action.expand: 8f98e9696f6eed958573012f52710faa
    sidebar.action.createFolder: 5dc1e97c14fbe72d8b566ce29c39f010
    sidebar.action.renameFolder: db76034f8218cda07dadb746a5643019
    sidebar.action.deleteFolder: 2a2f15300f6f7c81d69860ac1796b517
    sidebar.action.revealFolderMenu: 76f4ed52da9937ae432dcf5a108fabb4
    sidebar.action.copyFolderPathMenu: 1779ec6018a385912c1a5499a1bbf2b2
    sidebar.action.renameFolderMenu: deb1d8fa030292e7eda2c244b313aca2
    sidebar.action.deleteFolderMenu: c78c889ac7396dc148fc859c9221e545
    sidebar.view.name: 67b904f75d1872abba088a3442caff40
    sidebar.folder.name: 710417c4e57a6a01500fe4c0c448ce3d
    sidebar.folder.newName: e0ad5b2db20359a85de80c1231323bea
    sidebar.folder.expand: b7545cb143816942ff096d890090fb6f
    sidebar.folder.collapse: e9f8c6da708219313d72d99cc3998388
    sidebar.section.name: c3642037e309db278bbbfe0590114c02
    sidebar.section.showInSidebar: e38d073926d6fb3dfc4d4347708e3cf5
    sidebar.section.toggle: 2992ffbc76e607a2dc0e99781f101637
    sidebar.disabled.comingSoon: 81151a1669ebd695e837f304a0d8ec79
    noteList.title.archive: e727b00944f81e1d0a95c12886ac4641
    noteList.title.changes: c112bb3542e98308d12d5ecb10a67abc
    noteList.title.inbox: 3882d32c66e7e768145ecd8f104b0c08
    noteList.title.history: 16d2b386b2034b9488996466aaae0b57
    noteList.title.view: 4351cfebe4b61d8aa5efa1d020710005
    noteList.title.notes: f4c6f851b00d5518bf888815de279aba
    noteList.searchPlaceholder: 4857cd2689a0a40eb4a77cdc745c518e
    noteList.searchAction: 5012120fc480c67686dd22ee2f9493cd
    noteList.clearSearch: 9983381c21069a3d6e4432e0aaea0079
    noteList.quickOpenCreate: a4e964a3bc5b25e7ae87163624731e05
    noteList.createNote: f1484bc40bd3fe3430c13fb89e2ce1af
    noteList.empty.changesError: 4fca500c4b70f61f7d9413c57c34bdc4
    noteList.empty.noChanges: ad82ac153532f5625760c29c176c5d5f
    noteList.empty.noArchived: 75fa9e2aaa902f65d433be856a2e8331
    noteList.empty.noMatching: 22838e3b8d3d174d33d7986ab6bdd693
    noteList.empty.allOrganized: ea8fbb54d21c03fae1469635e7043b9b
    noteList.empty.noNotes: 910bd677fdd52f3e6edb4abc1d03ade8
    noteList.empty.noMatchingItems: 25cd76c4bbd00b682a45687705b41a14
    noteList.empty.noRelatedItems: 67eecd103b56ef0e56fd892d379b5a5e
    noteList.sort.modified: 35e0c8c0b180c95d4e122e55ed62cc64
    noteList.sort.created: 0eceeb45861f9585dd7a97a3e36f85c6
    noteList.sort.title: b78a3223503896721cca1303f776159b
    noteList.sort.status: ec53a8c4f07baed5d8825072c89799be
    noteList.sort.by: 5cd12b67b005056a94f06368a7645b8e
    noteList.sort.menu: 62bfadcf958eb6ad238e6c71e312a0ce
    noteList.sort.ascending: cf3fb1ff52ea1eed3347ac5401ee7f0c
    noteList.sort.descending: e3cf5ac19407b1a62c6fccaff675a53b
    noteList.filter.open: c3bf447eabe632720a3aa1a7ce401274
    noteList.filter.archived: 7d69b3cb4cada18ae61811304f8fbcb5
    noteList.filter.week: d2ce009594dcc60befa6a4e6cbeb71fc
    noteList.filter.month: 7cbb885aa1164b390a0bc050a64e1812
    noteList.filter.all: b1c94ca2fbc3e78fc30069c8d0f01680
    noteList.properties.customizeColumns: be39bb193d872e11bb21388add6eca23
    noteList.properties.customizeAllColumns: 0d382ece9a9d08bb9ddf10ed2c88d726
    noteList.properties.customizeInboxColumns: e7cf53b914ce1079801eeee603875660
    noteList.properties.customizeViewColumns: a5612e5d2aa2e86941d536a85b27c8b4
    noteList.properties.showInNoteList: f22a57c5fc14ff477000cc66d837c344
    noteList.properties.searchPlaceholder: 9c7569eb531ff041b2b7cf4de1e5a619
    noteList.properties.searchLabel: de1bc9695d5e79a75296abf74dc25056
    noteList.properties.noMatches: 1627ecc53b9e97c94b2b6b1b93a58721
    noteList.properties.reorder: c0955c7efaa1ce90d449a23cbc52b553
    noteList.changes.restoreNote: d6e99303c0e0b7b2abce06fe9214788b
    noteList.changes.discardChanges: 98313f623bb6f464b9a154eca0b99bf3
    noteList.changes.restoreDescription: 45e13380b0538e6cbff330f99c260c0a
    noteList.changes.discardDescription: cd953f51a81e10f8c90135e0106a45d6
    noteList.changes.thisFile: 976b976e66879a470635bf0f660e81fc
    noteList.changes.restore: 2bd339d85ee3b33e513359ce781b60cc
    noteList.changes.discard: d94b42030b9785fd754d5c1754961269
    noteList.changes.cancel: ea4788705e6873b424c65e91c2846b19
    editor.empty.selectNote: a71ec7c80aefe49c59f6aba033bf453e
    editor.empty.shortcuts: 1133fdf3ecef6a09dd9e2a185e1bd4ec
    editor.raw.label: 7a9754c15264b0604aa31dfea32321ea
    editor.find.findLabel: 4cfa6c981549e990fe2344e4c805405e
    editor.find.findPlaceholder: 4cfa6c981549e990fe2344e4c805405e
    editor.find.replaceLabel: 0ebe6df8a3ac338e0512acc741823fdb
    editor.find.replacePlaceholder: 0ebe6df8a3ac338e0512acc741823fdb
    editor.find.matchCount: 29d3cd243c6850f5fbac283e79d6d6a7
    editor.find.noMatches: 3b470c1f6a10f58c8a8cb6b904577786
    editor.find.invalidRegex: 9704b2ccc6158864810a313702019d68
    editor.find.regexMustMatchText: 267728c2e7f2889b39847ee9b9b38891
    editor.find.previousMatch: afb1b7e6bbdfaa97114e1b519a817f13
    editor.find.nextMatch: 7f4d218b4f566ea7ff69ab8d912ba7b9
    editor.find.showReplace: 82c8fdb73dfe8baa1759a36c6c0fb282
    editor.find.hideReplace: a85baf9735f9acf26aa15b70f2ee55fb
    editor.find.regex: 7486f19f279f95357c84706dd09ce9da
    editor.find.matchCase: ba945280b8802ee1a7a50140e2fe94e2
    editor.find.close: b040fbda901d2135cad53e54e0127071
    editor.find.replace: 0ebe6df8a3ac338e0512acc741823fdb
    editor.find.replaceAll: b1c94ca2fbc3e78fc30069c8d0f01680
    editor.toolbar.rawReturn: 5ddcf5e0dc8b933b344bb6ca3d8e131d
    editor.toolbar.rawOpen: 89ad60735a649b60dacd2301cda0c4ec
    editor.toolbar.noteWidthNormal: 9bb55413ec536c4a8fa41c4c4464ab44
    editor.toolbar.noteWidthWide: 1a744f406c9150f76739bd167c3e47ec
    editor.toolbar.centerLayout: 3fabf7e9b285eeec90704d271f1049b7
    editor.toolbar.leftLayout: acab6c8612816e012ff9f4220a42e485
    editor.toolbar.removeFavorite: 7188286e36fc6c1892dd53aaa54237fb
    editor.toolbar.addFavorite: 910885435dbc44a22b68cb45c79e4a7e
    editor.toolbar.markUnorganized: 83fb1b23a3609fab493737fe7af0a198
    editor.toolbar.markOrganized: 9d170c916afae3d7a82456838728ffa5
    editor.toolbar.openNeighborhood: 80f659c99954ab7681266b5a1e5da6df
    editor.toolbar.noDiff: b2c4189f90648aaeb5cd2e81f9bd8d94
    editor.toolbar.loadingDiff: 430386d6aae3570fd399a133e41c7372
    editor.toolbar.gitDiff: 51b46b6eac27ba484479246b875f76f5
    editor.toolbar.showDiff: 08d579de8d3abdcdfce0953a797362c6
    editor.toolbar.openAi: d2e93006570a66709c8ce0dc27082ef1
    editor.toolbar.closeAi: cd46973ef73076d612dff9903ce54498
    editor.toolbar.openTableOfContents: b733f053ea3fde4a9acd589ec7f58c10
    editor.toolbar.closeTableOfContents: d3292972a10edd1a06a627f3552f760a
    editor.toolbar.restoreArchived: 1bff5cf4943af64c05b2e9aeadccbc84
    editor.toolbar.archive: 63dc964c32e715217b49f8739d49636b
    editor.toolbar.delete: f48134a07b016a1de05d4ba6d2fbfb41
    editor.toolbar.revealFile: 76f4ed52da9937ae432dcf5a108fabb4
    editor.toolbar.copyFilePath: 64c6cec5ca57efbb8c9c93ae5fbccd27
    editor.toolbar.moreActions: 89e19353176b94068dec4c768c25e70b
    editor.toolbar.openProperties: 948b90b60b8ce827f179e8c5b85b112e
    editor.slash.math: a49950aa047c2292e989e368a97a3aae
    tableOfContents.title: f61d6c3e3733db355168b7e1aee6780b
    tableOfContents.close: d3292972a10edd1a06a627f3552f760a
    tableOfContents.empty: e4f02ad69cbbce1ec65d14215e3d5871
    tableOfContents.emptyNoNote: 046d95682b747a30ed8a7b0b1d581629
    tableOfContents.navLabel: 598b8ae10dfce818e73d3218daddbdae
    tableOfContents.untitledHeading: 93c2dde207965b383b7b22af005ebe4f
    tableOfContents.expandHeading: 6353ab44fe75f5dd935789bdab8551a0
    tableOfContents.collapseHeading: 040b4c102283028831ea78713235e478
    editor.codeBlock.copy: 8e477020fb3f7ab844b91ff1d7de8347
    editor.imageLightbox.title: 2c5a15c875bcdc2478c4a5cad044e10c
    editor.filename.rename: c31c2b468229232ad6287e734fe67d96
    editor.filename.renameToTitle: bff34a6a2dd1eb87c59403946679237f
    editor.filename.trigger: 4e9739c2f937c828bbf5d1f935fe7fb9
    editor.banner.archived: 7d69b3cb4cada18ae61811304f8fbcb5
    editor.banner.unarchive: 9fd02d2eb5ce348a74372eea202a0aec
    editor.banner.conflict: 384fc5a4b31c662b1e3426a7ef56441e
    editor.banner.keepMine: 544a2f2e8e09f93919f10e1920d1b69e
    editor.banner.keepMineTooltip: 9988cb86b051dd728e2d2f852f0283e4
    editor.banner.keepTheirs: 46131020af44cc6ec4bfa0a8ff39e044
    editor.banner.keepTheirsTooltip: 9e5b845c4459747d6ab0df6438ccfac4
    inspector.title.properties: 9fc2d28c05ed9eb1d75ba4465abf15a9
    inspector.title.propertiesShortcut: 427d1cbdc813cf54c5fac2508d38d407
    inspector.title.closePropertiesShortcut: 97b953e45042d4143dd19624dc345d29
    inspector.title.collidingProperties: bf71358d0af34696e88bea278eac046a
    inspector.title.collidingPropertiesAria: ce5c3569f304cd69b0f33a6fc185f49b
    inspector.empty.noNoteSelected: 046d95682b747a30ed8a7b0b1d581629
    inspector.empty.noProperties: 6864166e0f65d81b1eb474e41fde8822
    inspector.empty.initializeProperties: edf249d214b68f5afe8634c577b709c4
    inspector.empty.invalidProperties: 2ee2429c1ffbabcda9f57f91fb6c0b9d
    inspector.empty.fixInEditor: b86d4934630d68bc5333c0feb25e5f3f
    inspector.properties.addProperty: 9820ade036bf1bdf80c0b7da24a4ce0a
    inspector.properties.deleteProperty: f1d0ab48c8596108e949dfc90e13050b
    inspector.properties.none: 6adf97f83acf6453d4a6a4b1070f3754
    inspector.properties.workspace: 5b70a213f150f01f0776fa9481ef2ddf
    inspector.properties.missingType: 9179080e7bcc72408f3de7cb944ff400
    inspector.properties.missingTypeAria: 582c2c46117cff0534d13e7c8a45a3ba
    inspector.properties.searchWorkspaces: ebd1ca0ae74f6d6f5b32f18db699be11
    inspector.properties.noMatchingWorkspaces: a4339dbce88712e787c0615a961636f6
    inspector.properties.searchTypes: 84c8d94846183a79444bf36667e8d7ea
    inspector.properties.noMatchingTypes: 9b64c31214171ba3b2d591743990b840
    inspector.properties.yes: 93cba07454f06a4a960172bbd6e2a435
    inspector.properties.no: bafd7322c6e97d25b6299b5d6fe8920b
    inspector.properties.pickDate: e8e91fbba934dc8adfd7e433f5193911
    inspector.properties.valuePlaceholder: 689202409e48743b914713f96d93947c
    inspector.properties.propertyName: 7e9982311d69d66d38809e5d85377a08
    inspector.relationship.add: ec211f7c20af43e742bf2570c3cb84f9
    inspector.relationship.addRelationship: d2b0cb45dcdbb00ee70db397c36f73ad
    inspector.relationship.name: 7ed3fccc071d6939eff211b1a6fd9696
    inspector.relationship.noteTitle: f72ea00f174785710f0369b23c53963c
    inspector.relationship.createAndOpen: 55bb53fea743c584c4024e7439c55bfe
    inspector.info.title: 4059b0251f66a18cb56f544728796875
    inspector.info.modified: 35e0c8c0b180c95d4e122e55ed62cc64
    inspector.info.created: 0eceeb45861f9585dd7a97a3e36f85c6
    inspector.info.words: 6f15b8d4b7287d60a8ea3d1c5cbadc84
    inspector.info.size: 6f6cb72d544962fa333e2e34ce64f719
    update.available: 992477975168b876be8e77ce2975e390
    update.checking: a07813cc05571f23ce8dd7039583d7da
    update.releaseNotes: 5dd03e8d039863e563e049be198c3fd3
    update.updateNow: 99b1054c0f320be9f109c877a5efd0b2
    update.dismiss: c8a59e7135a20b362f9c768b09454fdb
    update.downloading: 2c7fdcafb08f831420f661810f826549
    update.readyRestart: 4d7487b02d955a44d599189ec383e469
    update.restartNow: 2d9c2140c53daf05855033aaceeaa8fd
    status.update.check: eb1b4bb3667dd670210c7822badc2f1d
    status.zoom.reset: dbf36ab275e5fbd256590e65aa1ca9a3
    status.feedback.contribute: 96ab5025e38aef43fdb73c9830795264
    status.feedback.label: 9887a4451812854f0f1b6f669a874307
    status.docs.open: 2066997d2262d4a9b79de68f255dc4a9
    status.docs.label: a3907cd461d8739aa3266047bc4b8c0c
    status.theme.light: 4abf27a209985375949aaa426c7c7f3d
    status.theme.dark: 541be2a55a52b518b8e510c476c7cc95
    status.settings.open: bae08226d065231df6f01b08cd681c9b
    status.build.unknown: d250349dd489bdfeb0cb0750b8b3ff89
    status.vault.switch: 8a2ad262643c556ff0cfa99497aaa529
    status.vault.default: 5b70a213f150f01f0776fa9481ef2ddf
    status.vault.createEmpty: f37c03f236fbf1516222360a936249e8
    status.vault.openLocal: a367344e0429a12a5cc9a6cecbbfcde5
    status.vault.cloneGit: a7d0aef7c6237a36e54fd5a26e9c23fe
    status.vault.cloneGettingStarted: 9953a11a477b441976a626a9acf5d7df
    status.vault.availableHeader: 2be36e986c7859a439c30bc5696c15a9
    status.vault.manageWorkspaces: ecce6ef1f37e975762b1413d8bc7d21d
    status.vault.includeWorkspace: fe8ee397206a29f2d91eea7b95e9c112
    status.vault.notFound: 3119b7fa94c96209bca571b7c7ed0b7e
    status.vault.reloading: 893da50ef3a9e01d8a99ff5d3ceb55e9
    status.vault.reloadingTooltip: 4a884bd7d113797ad16f905f70742da8
    status.vault.remove: 7f3b4f76df23626170940dbc55c70728
    status.vault.removeConfirmTitle: 713713c6d8c4eb8b75cf12ebaca44f96
    status.vault.removeConfirmMessage: 854744291c28ea9e18bed1110b0737d9
    status.vault.removeConfirmAction: 8b064b07e2f4f1e63d1d5087aead2648
    workspace.manager.title: ecce6ef1f37e975762b1413d8bc7d21d
    workspace.manager.description: d0de6e81a4268a52f756f6073f938fc3
    workspace.manager.default: 7a1920d61156abc05a60135aefe8bc67
    workspace.manager.makeDefault: 581e972562013d920e9b4d364265829e
    workspace.manager.label: ce0aa8f9a9fad0faf99b6185fbc09a1f
    workspace.manager.alias: e89ff14f985995ab3af3bd8af66d019c
    workspace.manager.mounted: 38ca22b706f01504d11883bc1984d45b
    status.remote.noneConfigured: 18a4edd4e8d862ccb343937f45585fb1
    status.remote.inSync: a56f571b4df55d88fb06e61e343b3c91
    status.remote.aheadTitle: 1516f4b92671b83c17441b4cddf25a7a
    status.remote.behindTitle: 55ee20469bc46b7c61e7515fbfdc0b5d
    status.remote.ahead: 681557ace3a84e15060ffca1623b75e6
    status.remote.behind: 1825bb12c857a71861280e490e29debd
    status.remote.add: f292f8ef85219f0acde6b66eb9c9c0f4
    status.remote.none: ed3f2ebe0d847584fd62fc9e0db2df33
    status.remote.noneDescription: f47636010c21c88a6f81cc41a962b26c
    status.sync.syncing: b21888f3f83c224b3451901da243d00a
    status.sync.conflict: f1d4ac54357cc0932f385d56814ba7e4
    status.sync.failed: 85b08b086888f8ee2680ddd3398f3574
    status.sync.pullRequired: 1ea27a2d3048b078a18665b24e8dcd91
    status.sync.notSynced: d18d6927f7ffe96f72e18b4da12e306b
    status.sync.justNow: 7b9275ee2786ef410555041b92b36bb3
    status.sync.minutesAgo: b3ac76d1e2595531940035a8e2e2d13c
    status.sync.resolveConflicts: b9f44cc5ee01c964f004f16e3a2833ca
    status.sync.inProgress: 278d2bf6768809fbf6e97e7bb319a7c0
    status.sync.pullAndPush: e07c084a9e734a54bd079d5327a924e7
    status.sync.retry: ca43e18d4f930e8a3e6d403f31d30a39
    status.sync.now: c03fafa3a653240e6104348e1293bb88
    status.sync.synced: 5befab0dde764b6dd8b24a34dc30afa7
    status.sync.conflicts: d35cef9595a935771f5e8158f387227b
    status.sync.error: 902b0d55fddef6f8d651fe1035b7d4bd
    status.sync.status: 76590d5f9708692e3735891bdca40903
    status.sync.pull: 718f59718640c6506b3721fbc8bf3a4d
    status.conflict.count: 46293d20ed2071fb30762b71fdaa5894
    status.offline.title: 3bf45a7003646cc4f963810b0b7ac0f5
    status.offline.label: 8d9da4bc0e49a50e09ac9f7e56789d39
    status.changes.view: 6d60d24d8f475ddaef94bbbc58514b5a
    status.changes.label: c112bb3542e98308d12d5ecb10a67abc
    status.commit.local: 6474fe7e2ed525df3da3eb447943bfcd
    status.commit.push: a4aaf10ef20cf17a982bb5b6dad198e0
    status.commit.label: 59d5b10c3a447f036d85cb5ce524c96c
    status.commit.openOnGitHub: 445ad18680a573c2aab062c3273ae16a
    status.git.disabledTooltip: 6981fe5b4993e4b3299c774b185ecd70
    status.git.disabled: 7f822b0ee91b8922b0c41723da867bd1
    status.history.onlyGit: 7da5397c33ada1b73a81c5a449cbab16
    status.history.open: 802ec1fd97592612c19ebef7bebbb5c2
    status.history.label: 16d2b386b2034b9488996466aaae0b57
    status.mcp.notConnected: 7e8850f4a564088ced4f592996a39309
    status.mcp.unknown: 051ff29ff900592f75974d0ef554c2eb
    status.claude.missing: 89021856e6152467f54ed33faed55e2f
    status.claude.label: 38c66b824d5769e42c3866005296525b
    status.claude.install: 1f4688bc2a2acc268811c9edcec810a1
    status.ai.noAgents: 0876a176a6297e79366d0a2935851f81
    status.ai.noAgentsTooltip: 1bdc02ec2dd7f9701b4371ffd5770318
    status.ai.selectedMissing: a37f3dbc73725219e90d709fe0d3ad97
    status.ai.defaultAgent: 79650d57d1678e56c75dbbcba6ea87f7
    status.ai.defaultTarget: 65ea5bdb609833c4baffd2cbd0e86542
    status.ai.restoreDetails: 47a913b58ce40add6521bc93e807476f
    status.ai.withGuidance: 1eafd34810db6bba54dac7aa549b5182
    status.ai.active: 059e3a3167c2ab00f4ca872e82a48d98
    status.ai.unavailable: 0d3e6e3afef545710aa24ed2ea4990af
    status.ai.install: 349838fb1d851d3e2014b9fe39203275
    status.ai.installAgent: 78ac3395d977f8b86ca9a02f781f4af8
    status.ai.vaultGuidance: 7bb4644efe6ae7cec9993c8bd85f1519
    status.ai.restoreGuidance: 23331fecc692d11d85cf24838ed273f2
    status.ai.openOptions: d387b1ab67586c7a2d83db8900a4dd8e
    status.ai.modelTargets: 8f3ceb96e088f8bdaecc236778401ac9
    status.ai.localChat: 215a24e3d38fb8b68deea6dad0142326
    status.ai.apiChat: 6dffd5b9997885efe701631cea5c470d
    pulse.title: 16d2b386b2034b9488996466aaae0b57
    pulse.today: 1dd1c5fb7f25cd41b291d43a89e3aefd
    pulse.yesterday: ebfe9ce86e6e9fb953aa7a25b59c1956
    pulse.commitCount: 17dc5f11868c946f55ff8164d318856d
    pulse.commitSingular: fffca4d67ea0a788813031b8bbc3b329
    pulse.commitPlural: a90814b38bbdfe717205f6d24183f6a7
    pulse.openOnGitHub: ddab0146d46f585f2ab36072c92a0048
    pulse.expandFiles: 53c567ce9f999dd937fc954c39853e81
    pulse.collapseFiles: 0ae74096d72faf840cd7d35635aa0cf9
    pulse.noActivity: cfbd8245c849f5f00b495d61ea14dfdf
    pulse.emptyDescription: b5ee4968b62908444166182fe8e593c1
    pulse.retry: 6327b4e59f58137083214a1fec358855
    pulse.loadingActivity: 26bf6a6bc2fd8148cd8753542a0ddf86
    pulse.loading: 5f02f05c744a0f875aebb8625ae1486f
    pulse.loadError: 63c17996fe219e6bd33b27d2b7ce0c96
    command.switchLanguage: 60f1a6760c7d1da0b1f7f6d0529608ee
    locale.itIT: 4be8e06d27bca7e1828f2fa9a49ca985
    locale.frFR: ad225f707802ba118c22987186dd38e8
    locale.deDE: 86bc3115eb4e9873ac96904a4a68e19e
    locale.ruRU: deba6920e70615401385fe1fb5a379ec
    locale.esES: cdbe021be1976335ab583a845edf7ed6
    locale.ptBR: 26d5352ead4a731f3d11eb2e85d0e297
    locale.ptPT: 71bfc0d79772120b52c1c0782450ff84
    locale.es419: edbf64ac382b82a54795fb409beb54be
    locale.zhCN: 1e81fc32fea0e9f3a978661e4b5e484d
    locale.zhTW: d0bb8c23f6e4f8c8037b6774ba912036
    locale.jaJP: f32ced6a9ba164c4b3c047fd1d7c882e
    locale.koKR: d0bdb3cde477d82e766da05ebda50ccb
    locale.vi: 7b80fae85640c16cdb0261bef0c27636
    locale.plPL: c730389bc8d99e59c867766babdd48b5
    locale.beBY: 0a6de4460095f398e8a45ed512a7538f
    locale.beLatn: 9c454dccccd6aaac0121a45b923dc5ad
